<Solution>
  <Folder Name="/src/">
    <Project Path="src/FlowX.Abstractions/FlowX.Abstractions.csproj" />
  </Folder>
  <Folder Name="/tests/">
    <Project Path="tests/FlowX.Architecture.Tests/FlowX.Architecture.Tests.csproj" />
  </Folder>
  <Folder Name="/docs/">
    <File Path="docs/README.md" />
    <File Path="docs/05-Architecture.md" />
  </Folder>
  <Folder Name="/">
    <File Path="Directory.Build.props" />
    <File Path="README.md" />
    <File Path="CONTRIBUTING.md" />
  </Folder>
</Solution>
